
Microsoft Visual Studio Solution File, Format Version 12.00
# Visual Studio 15
VisualStudioVersion = 15.0.28307.329
MinimumVisualStudioVersion = 10.0.40219.1
Project("{FAE04EC0-301F-11D3-BF4B-00C04F79EFBC}") = "SCM platform", "SCM platform\SCM platform.csproj", "{144C95B7-4D2F-41BE-BA5C-6E2ABEB31B2A}"
EndProject
Project("{FAE04EC0-301F-11D3-BF4B-00C04F79EFBC}") = "SCMTest", "SCMTest\SCMTest.csproj", "{AD631201-18B3-4AED-8391-86BCEA50C821}"
EndProject
Global
	GlobalSection(SolutionConfigurationPlatforms) = preSolution
		Debug|Any CPU = Debug|Any CPU
		Release|Any CPU = Release|Any CPU
	EndGlobalSection
	GlobalSection(ProjectConfigurationPlatforms) = postSolution
		{144C95B7-4D2F-41BE-BA5C-6E2ABEB31B2A}.Debug|Any CPU.ActiveCfg = Debug|Any CPU
		{144C95B7-4D2F-41BE-BA5C-6E2ABEB31B2A}.Debug|Any CPU.Build.0 = Debug|Any CPU
		{144C95B7-4D2F-41BE-BA5C-6E2ABEB31B2A}.Release|Any CPU.ActiveCfg = Release|Any CPU
		{144C95B7-4D2F-41BE-BA5C-6E2ABEB31B2A}.Release|Any CPU.Build.0 = Release|Any CPU
		{AD631201-18B3-4AED-8391-86BCEA50C821}.Debug|Any CPU.ActiveCfg = Debug|Any CPU
		{AD631201-18B3-4AED-8391-86BCEA50C821}.Debug|Any CPU.Build.0 = Debug|Any CPU
		{AD631201-18B3-4AED-8391-86BCEA50C821}.Release|Any CPU.ActiveCfg = Release|Any CPU
		{AD631201-18B3-4AED-8391-86BCEA50C821}.Release|Any CPU.Build.0 = Release|Any CPU
	EndGlobalSection
	GlobalSection(SolutionProperties) = preSolution
		HideSolutionNode = FALSE
	EndGlobalSection
	GlobalSection(ExtensibilityGlobals) = postSolution
		SolutionGuid = {8D838863-D7CB-41BF-BAE9-4441193817FA}
	EndGlobalSection
EndGlobal
